
Microsoft Visual Studio Solution File, Format Version 12.00
# Visual Studio Version 16
VisualStudioVersion = 16.0.29709.97
MinimumVisualStudioVersion = 10.0.40219.1
Project("{FAE04EC0-301F-11D3-BF4B-00C04F79EFBC}") = "SwaggerDemoApi", "SwaggerDemoApi\SwaggerDemoApi.csproj", "{6C5114A8-F146-423A-81F3-DF951F7A406F}"
EndProject
Global
	GlobalSection(SolutionConfigurationPlatforms) = preSolution
		Debug|Any CPU = Debug|Any CPU
		Release|Any CPU = Release|Any CPU
	EndGlobalSection
	GlobalSection(ProjectConfigurationPlatforms) = postSolution
		{6C5114A8-F146-423A-81F3-DF951F7A406F}.Debug|Any CPU.ActiveCfg = Debug|Any CPU
		{6C5114A8-F146-423A-81F3-DF951F7A406F}.Debug|Any CPU.Build.0 = Debug|Any CPU
		{6C5114A8-F146-423A-81F3-DF951F7A406F}.Release|Any CPU.ActiveCfg = Release|Any CPU
		{6C5114A8-F146-423A-81F3-DF951F7A406F}.Release|Any CPU.Build.0 = Release|Any CPU
	EndGlobalSection
	GlobalSection(SolutionProperties) = preSolution
		HideSolutionNode = FALSE
	EndGlobalSection
	GlobalSection(ExtensibilityGlobals) = postSolution
		SolutionGuid = {288C3F97-0F72-40E2-8BDA-0A260EEE7E27}
	EndGlobalSection
EndGlobal
